{
  "version": 4,
  "terraform_version": "1.16.3",
  "serial": 3,
  "lineage": "677c70c8-77b0-b9c8-969b-5a3053fe4288",
  "outputs": {
    "generated_inventory": {
      "value": "./generated_inventory.ini",
      "type": "string"
    },
    "lab_domain": {
      "value": "proj.lab.test",
      "type": "string"
    }
  },
  "resources": [
    {
      "mode": "managed",
      "type": "local_file",
      "name": "ansible_inventory",
      "provider": "provider[\"registry.terraform.io/hashicorp/local\"]",
      "instances": [
        {
          "schema_version": 0,
          "attributes": {
            "content": "[dns]\nvm2 ansible_host=192.168.50.20\n \n[web]\nvm3 ansible_host=192.168.50.30\n",
            "content_base64": null,
            "content_base64sha256": "DVM38h/dszpC0mv4yPr7b6L0gyr9lNX8TNUgqycTbww=",
            "content_base64sha512": "krbvwdtFl8W77ZFPICr+zyGZt3suytnvqmMu9bn/EiiVWp/aNW9KEfMbOIIUVXWnHhBE/SHNHy0VCFsIvmPUWw==",
            "content_md5": "1477a1351ecc9105ad264ff3af934c73",
            "content_sha1": "ee19ea3b97a8d7dd85615dfc6b5ab7bc0bf1564f",
            "content_sha256": "0d5337f21fddb33a42d26bf8c8fafb6fa2f4832afd94d5fc4cd520ab27136f0c",
            "content_sha512": "92b6efc1db4597c5bbed914f202afecf2199b77b2ecad9efaa632ef5b9ff1228955a9fda356f4a11f31b3882145575a71e1044fd21cd1f2d15085b08be63d45b",
            "directory_permission": "0777",
            "file_permission": "0777",
            "filename": "./generated_inventory.ini",
            "id": "ee19ea3b97a8d7dd85615dfc6b5ab7bc0bf1564f",
            "sensitive_content": null,
            "source": null
          },
          "sensitive_attributes": [
            [
              {
                "type": "get_attr",
                "value": "sensitive_content"
              }
            ]
          ],
          "identity_schema_version": 0
        }
      ]
    }
  ],
  "check_results": null
}
